# This file is automatically @generated by Poetry 2.1.2 and should not be changed by hand.

[[package]]
name = "biopython"
version = "1.85"
description = "Freely available tools for computational molecular biology."
optional = false
python-versions = ">=3.9"
groups = ["main"]
files = [
    {file = "biopython-1.85-cp310-cp310-macosx_10_9_x86_64.whl", hash = "sha256:a6308053a61f3bdbb11504ece4cf24e264c6f1d6fad278f7e59e6b84b0d9a7b4"},
    {file = "biopython-1.85-cp310-cp310-macosx_11_0_arm64.whl", hash = "sha256:434dd23e972b0c89e128f2ebbd16b38075d609184f4f1fd16368035f923019c2"},
    {file = "biopython-1.85-cp310-cp310-manylinux_2_17_aarch64.manylinux2014_aarch64.whl", hash = "sha256:9a08d082e85778259a83501063871e00ba57336136403b75050eea14d523c00a"},
    {file = "biopython-1.85-cp310-cp310-manylinux_2_17_x86_64.manylinux2014_x86_64.whl", hash = "sha256:d93464e629950e4df87d810125dc4e904538a4344b924f340908ea5bc95db986"},
    {file = "biopython-1.85-cp310-cp310-win32.whl", hash = "sha256:f2f45ab3f1e43fdaa697fd753148999090298623278097c19c2c3c0ba134e57c"},
    {file = "biopython-1.85-cp310-cp310-win_amd64.whl", hash = "sha256:7c8326cd2825ba166abecaf72843b9b15823affd6cec04fde65f0d2526767da4"},
    {file = "biopython-1.85-cp311-cp311-macosx_10_9_x86_64.whl", hash = "sha256:db8822adab0cd75a6e6ae845acf312addd8eab5f9b731c191454b961fc2c2cdc"},
    {file = "biopython-1.85-cp311-cp311-macosx_11_0_arm64.whl", hash = "sha256:8e2bbe58cc1a592b239ef6d68396745d3fbfaafc668ce38283871d8ff070dbab"},
    {file = "biopython-1.85-cp311-cp311-manylinux_2_17_aarch64.manylinux2014_aarch64.whl", hash = "sha256:5916eb56df7ecd4a3babc07a48d4894c40cfb45dc18ccda1c148d0131017ce04"},
    {file = "biopython-1.85-cp311-cp311-manylinux_2_17_x86_64.manylinux2014_x86_64.whl", hash = "sha256:b0cec8833bf3036049129944ee5382dd576dac9670c3814ff2314b52aa94f199"},
    {file = "biopython-1.85-cp311-cp311-win32.whl", hash = "sha256:cf88a4c8d8af13138be115949639a5e4a201618185a72ff09adbe175b7946b28"},
    {file = "biopython-1.85-cp311-cp311-win_amd64.whl", hash = "sha256:d3c99db65d57ae4fc5034e42ac6cd8ddce069e664903f04c8a4f684d7609d6fa"},
    {file = "biopython-1.85-cp312-cp312-macosx_10_9_x86_64.whl", hash = "sha256:cc5b981b9e3060db7c355b6145dfe3ce0b6572e1601b31211f6d742b10543874"},
    {file = "biopython-1.85-cp312-cp312-macosx_11_0_arm64.whl", hash = "sha256:6fe47d704c2d3afac99aeb461219ec5f00273120d2d99835dc0a9a617f520141"},
    {file = "biopython-1.85-cp312-cp312-manylinux_2_17_aarch64.manylinux2014_aarch64.whl", hash = "sha256:e54e495239e623660ad367498c2f7a1a294b1997ba603f2ceafb36fd18f0eba6"},
    {file = "biopython-1.85-cp312-cp312-manylinux_2_17_x86_64.manylinux2014_x86_64.whl", hash = "sha256:d024ad48997ad53d53a77da24b072aaba8a550bd816af8f2e7e606a9918a3b43"},
    {file = "biopython-1.85-cp312-cp312-win32.whl", hash = "sha256:6985e17a2911defcbd30275a12f5ed5de2765e4bc91a60439740d572fdbfdf43"},
    {file = "biopython-1.85-cp312-cp312-win_amd64.whl", hash = "sha256:d6f8efb2db03f2ec115c5e8c764dbadf635e0c9ecd4c0e91fc8216c1b62f85f5"},
    {file = "biopython-1.85-cp313-cp313-macosx_10_13_x86_64.whl", hash = "sha256:bae6f17262f20e9587d419ba5683e9dc93a31ee1858b98fa0cff203694d5b786"},
    {file = "biopython-1.85-cp313-cp313-macosx_11_0_arm64.whl", hash = "sha256:b1e4918e6399ab0183dd863527fec18b53b7c61b6f0ef95db84b4adfa430ce75"},
    {file = "biopython-1.85-cp313-cp313-manylinux_2_17_aarch64.manylinux2014_aarch64.whl", hash = "sha256:86e487b6fe0f20a2b0138cb53f3d4dc26a7e4060ac4cb6fb1d19e194d445ef46"},
    {file = "biopython-1.85-cp313-cp313-manylinux_2_17_x86_64.manylinux2014_x86_64.whl", hash = "sha256:327184048b5a50634ae0970119bcb8a35b76d7cefb2658a01f772915f2fb7686"},
    {file = "biopython-1.85-cp313-cp313-manylinux_2_5_i686.manylinux1_i686.manylinux_2_17_i686.manylinux2014_i686.whl", hash = "sha256:66b08905fb1b3f5194f908aaf04bbad474c4e3eaebad6d9f889a04e64dd1faf4"},
    {file = "biopython-1.85-cp313-cp313-win32.whl", hash = "sha256:5a236ab1e2797c7dcf1577d80fdaafabead2908bc338eaed0aa1509dab769fef"},
    {file = "biopython-1.85-cp313-cp313-win_amd64.whl", hash = "sha256:1b61593765e9ebdb71d73307d55fd4b46eb976608d329ae6803c084d90ed34c7"},
    {file = "biopython-1.85-cp39-cp39-macosx_10_9_x86_64.whl", hash = "sha256:d76e44b46f555da2e72ac36e757efd327f7f5f690e9f00ede6f723b48538b6d5"},
    {file = "biopython-1.85-cp39-cp39-macosx_11_0_arm64.whl", hash = "sha256:8469095907a17f156c76b6644829227efdf4996164f7726e6f4ca15039329776"},
    {file = "biopython-1.85-cp39-cp39-manylinux_2_17_aarch64.manylinux2014_aarch64.whl", hash = "sha256:cffc15ac46688cd4cf662b24d03037234ce00b571df67be45a942264f101f990"},
    {file = "biopython-1.85-cp39-cp39-manylinux_2_17_x86_64.manylinux2014_x86_64.whl", hash = "sha256:9a630b3804f6c3fcae2f9b7485d7a05425e143fc570f25babbc5a4b3d3db00d7"},
    {file = "biopython-1.85-cp39-cp39-win32.whl", hash = "sha256:0ffb03cd982cb3a79326b84e789f2093880175c44eea10f3030c632f98de24f6"},
    {file = "biopython-1.85-cp39-cp39-win_amd64.whl", hash = "sha256:8208bf2d87ade066fafe9a63a2eb77486c233bc1bdda2cbf721ebee54715f1bf"},
    {file = "biopython-1.85.tar.gz", hash = "sha256:5dafab74059de4e78f49f6b5684eddae6e7ce46f09cfa059c1d1339e8b1ea0a6"},
]

[package.dependencies]
numpy = "*"

[[package]]
name = "numpy"
version = "2.2.4"
description = "Fundamental package for array computing in Python"
optional = false
python-versions = ">=3.10"
groups = ["main"]
files = [
    {file = "numpy-2.2.4-cp310-cp310-macosx_10_9_x86_64.whl", hash = "sha256:8146f3550d627252269ac42ae660281d673eb6f8b32f113538e0cc2a9aed42b9"},
    {file = "numpy-2.2.4-cp310-cp310-macosx_11_0_arm64.whl", hash = "sha256:e642d86b8f956098b564a45e6f6ce68a22c2c97a04f5acd3f221f57b8cb850ae"},
    {file = "numpy-2.2.4-cp310-cp310-macosx_14_0_arm64.whl", hash = "sha256:a84eda42bd12edc36eb5b53bbcc9b406820d3353f1994b6cfe453a33ff101775"},
    {file = "numpy-2.2.4-cp310-cp310-macosx_14_0_x86_64.whl", hash = "sha256:4ba5054787e89c59c593a4169830ab362ac2bee8a969249dc56e5d7d20ff8df9"},
    {file = "numpy-2.2.4-cp310-cp310-manylinux_2_17_aarch64.manylinux2014_aarch64.whl", hash = "sha256:7716e4a9b7af82c06a2543c53ca476fa0b57e4d760481273e09da04b74ee6ee2"},
    {file = "numpy-2.2.4-cp310-cp310-manylinux_2_17_x86_64.manylinux2014_x86_64.whl", hash = "sha256:adf8c1d66f432ce577d0197dceaac2ac00c0759f573f28516246351c58a85020"},
    {file = "numpy-2.2.4-cp310-cp310-musllinux_1_2_aarch64.whl", hash = "sha256:218f061d2faa73621fa23d6359442b0fc658d5b9a70801373625d958259eaca3"},
    {file = "numpy-2.2.4-cp310-cp310-musllinux_1_2_x86_64.whl", hash = "sha256:df2f57871a96bbc1b69733cd4c51dc33bea66146b8c63cacbfed73eec0883017"},
    {file = "numpy-2.2.4-cp310-cp310-win32.whl", hash = "sha256:a0258ad1f44f138b791327961caedffbf9612bfa504ab9597157806faa95194a"},
    {file = "numpy-2.2.4-cp310-cp310-win_amd64.whl", hash = "sha256:0d54974f9cf14acf49c60f0f7f4084b6579d24d439453d5fc5805d46a165b542"},
    {file = "numpy-2.2.4-cp311-cp311-macosx_10_9_x86_64.whl", hash = "sha256:e9e0a277bb2eb5d8a7407e14688b85fd8ad628ee4e0c7930415687b6564207a4"},
    {file = "numpy-2.2.4-cp311-cp311-macosx_11_0_arm64.whl", hash = "sha256:9eeea959168ea555e556b8188da5fa7831e21d91ce031e95ce23747b7609f8a4"},
    {file = "numpy-2.2.4-cp311-cp311-macosx_14_0_arm64.whl", hash = "sha256:bd3ad3b0a40e713fc68f99ecfd07124195333f1e689387c180813f0e94309d6f"},
    {file = "numpy-2.2.4-cp311-cp311-macosx_14_0_x86_64.whl", hash = "sha256:cf28633d64294969c019c6df4ff37f5698e8326db68cc2b66576a51fad634880"},
    {file = "numpy-2.2.4-cp311-cp311-manylinux_2_17_aarch64.manylinux2014_aarch64.whl", hash = "sha256:2fa8fa7697ad1646b5c93de1719965844e004fcad23c91228aca1cf0800044a1"},
    {file = "numpy-2.2.4-cp311-cp311-manylinux_2_17_x86_64.manylinux2014_x86_64.whl", hash = "sha256:f4162988a360a29af158aeb4a2f4f09ffed6a969c9776f8f3bdee9b06a8ab7e5"},
    {file = "numpy-2.2.4-cp311-cp311-musllinux_1_2_aarch64.whl", hash = "sha256:892c10d6a73e0f14935c31229e03325a7b3093fafd6ce0af704be7f894d95687"},
    {file = "numpy-2.2.4-cp311-cp311-musllinux_1_2_x86_64.whl", hash = "sha256:db1f1c22173ac1c58db249ae48aa7ead29f534b9a948bc56828337aa84a32ed6"},
    {file = "numpy-2.2.4-cp311-cp311-win32.whl", hash = "sha256:ea2bb7e2ae9e37d96835b3576a4fa4b3a97592fbea8ef7c3587078b0068b8f09"},
    {file = "numpy-2.2.4-cp311-cp311-win_amd64.whl", hash = "sha256:f7de08cbe5551911886d1ab60de58448c6df0f67d9feb7d1fb21e9875ef95e91"},
    {file = "numpy-2.2.4-cp312-cp312-macosx_10_13_x86_64.whl", hash = "sha256:a7b9084668aa0f64e64bd00d27ba5146ef1c3a8835f3bd912e7a9e01326804c4"},
    {file = "numpy-2.2.4-cp312-cp312-macosx_11_0_arm64.whl", hash = "sha256:dbe512c511956b893d2dacd007d955a3f03d555ae05cfa3ff1c1ff6df8851854"},
    {file = "numpy-2.2.4-cp312-cp312-macosx_14_0_arm64.whl", hash = "sha256:bb649f8b207ab07caebba230d851b579a3c8711a851d29efe15008e31bb4de24"},
    {file = "numpy-2.2.4-cp312-cp312-macosx_14_0_x86_64.whl", hash = "sha256:f34dc300df798742b3d06515aa2a0aee20941c13579d7a2f2e10af01ae4901ee"},
    {file = "numpy-2.2.4-cp312-cp312-manylinux_2_17_aarch64.manylinux2014_aarch64.whl", hash = "sha256:c3f7ac96b16955634e223b579a3e5798df59007ca43e8d451a0e6a50f6bfdfba"},
    {file = "numpy-2.2.4-cp312-cp312-manylinux_2_17_x86_64.manylinux2014_x86_64.whl", hash = "sha256:4f92084defa704deadd4e0a5ab1dc52d8ac9e8a8ef617f3fbb853e79b0ea3592"},
    {file = "numpy-2.2.4-cp312-cp312-musllinux_1_2_aarch64.whl", hash = "sha256:7a4e84a6283b36632e2a5b56e121961f6542ab886bc9e12f8f9818b3c266bfbb"},
    {file = "numpy-2.2.4-cp312-cp312-musllinux_1_2_x86_64.whl", hash = "sha256:11c43995255eb4127115956495f43e9343736edb7fcdb0d973defd9de14cd84f"},
    {file = "numpy-2.2.4-cp312-cp312-win32.whl", hash = "sha256:65ef3468b53269eb5fdb3a5c09508c032b793da03251d5f8722b1194f1790c00"},
    {file = "numpy-2.2.4-cp312-cp312-win_amd64.whl", hash = "sha256:2aad3c17ed2ff455b8eaafe06bcdae0062a1db77cb99f4b9cbb5f4ecb13c5146"},
    {file = "numpy-2.2.4-cp313-cp313-macosx_10_13_x86_64.whl", hash = "sha256:1cf4e5c6a278d620dee9ddeb487dc6a860f9b199eadeecc567f777daace1e9e7"},
    {file = "numpy-2.2.4-cp313-cp313-macosx_11_0_arm64.whl", hash = "sha256:1974afec0b479e50438fc3648974268f972e2d908ddb6d7fb634598cdb8260a0"},
    {file = "numpy-2.2.4-cp313-cp313-macosx_14_0_arm64.whl", hash = "sha256:79bd5f0a02aa16808fcbc79a9a376a147cc1045f7dfe44c6e7d53fa8b8a79392"},
    {file = "numpy-2.2.4-cp313-cp313-macosx_14_0_x86_64.whl", hash = "sha256:3387dd7232804b341165cedcb90694565a6015433ee076c6754775e85d86f1fc"},
    {file = "numpy-2.2.4-cp313-cp313-manylinux_2_17_aarch64.manylinux2014_aarch64.whl", hash = "sha256:6f527d8fdb0286fd2fd97a2a96c6be17ba4232da346931d967a0630050dfd298"},
    {file = "numpy-2.2.4-cp313-cp313-manylinux_2_17_x86_64.manylinux2014_x86_64.whl", hash = "sha256:bce43e386c16898b91e162e5baaad90c4b06f9dcbe36282490032cec98dc8ae7"},
    {file = "numpy-2.2.4-cp313-cp313-musllinux_1_2_aarch64.whl", hash = "sha256:31504f970f563d99f71a3512d0c01a645b692b12a63630d6aafa0939e52361e6"},
    {file = "numpy-2.2.4-cp313-cp313-musllinux_1_2_x86_64.whl", hash = "sha256:81413336ef121a6ba746892fad881a83351ee3e1e4011f52e97fba79233611fd"},
    {file = "numpy-2.2.4-cp313-cp313-win32.whl", hash = "sha256:f486038e44caa08dbd97275a9a35a283a8f1d2f0ee60ac260a1790e76660833c"},
    {file = "numpy-2.2.4-cp313-cp313-win_amd64.whl", hash = "sha256:207a2b8441cc8b6a2a78c9ddc64d00d20c303d79fba08c577752f080c4007ee3"},
    {file = "numpy-2.2.4-cp313-cp313t-macosx_10_13_x86_64.whl", hash = "sha256:8120575cb4882318c791f839a4fd66161a6fa46f3f0a5e613071aae35b5dd8f8"},
    {file = "numpy-2.2.4-cp313-cp313t-macosx_11_0_arm64.whl", hash = "sha256:a761ba0fa886a7bb33c6c8f6f20213735cb19642c580a931c625ee377ee8bd39"},
    {file = "numpy-2.2.4-cp313-cp313t-macosx_14_0_arm64.whl", hash = "sha256:ac0280f1ba4a4bfff363a99a6aceed4f8e123f8a9b234c89140f5e894e452ecd"},
    {file = "numpy-2.2.4-cp313-cp313t-macosx_14_0_x86_64.whl", hash = "sha256:879cf3a9a2b53a4672a168c21375166171bc3932b7e21f622201811c43cdd3b0"},
    {file = "numpy-2.2.4-cp313-cp313t-manylinux_2_17_aarch64.manylinux2014_aarch64.whl", hash = "sha256:f05d4198c1bacc9124018109c5fba2f3201dbe7ab6e92ff100494f236209c960"},
    {file = "numpy-2.2.4-cp313-cp313t-manylinux_2_17_x86_64.manylinux2014_x86_64.whl", hash = "sha256:e2f085ce2e813a50dfd0e01fbfc0c12bbe5d2063d99f8b29da30e544fb6483b8"},
    {file = "numpy-2.2.4-cp313-cp313t-musllinux_1_2_aarch64.whl", hash = "sha256:92bda934a791c01d6d9d8e038363c50918ef7c40601552a58ac84c9613a665bc"},
    {file = "numpy-2.2.4-cp313-cp313t-musllinux_1_2_x86_64.whl", hash = "sha256:ee4d528022f4c5ff67332469e10efe06a267e32f4067dc76bb7e2cddf3cd25ff"},
    {file = "numpy-2.2.4-cp313-cp313t-win32.whl", hash = "sha256:05c076d531e9998e7e694c36e8b349969c56eadd2cdcd07242958489d79a7286"},
    {file = "numpy-2.2.4-cp313-cp313t-win_amd64.whl", hash = "sha256:188dcbca89834cc2e14eb2f106c96d6d46f200fe0200310fc29089657379c58d"},
    {file = "numpy-2.2.4-pp310-pypy310_pp73-macosx_10_15_x86_64.whl", hash = "sha256:7051ee569db5fbac144335e0f3b9c2337e0c8d5c9fee015f259a5bd70772b7e8"},
    {file = "numpy-2.2.4-pp310-pypy310_pp73-macosx_14_0_x86_64.whl", hash = "sha256:ab2939cd5bec30a7430cbdb2287b63151b77cf9624de0532d629c9a1c59b1d5c"},
    {file = "numpy-2.2.4-pp310-pypy310_pp73-manylinux_2_17_x86_64.manylinux2014_x86_64.whl", hash = "sha256:d0f35b19894a9e08639fd60a1ec1978cb7f5f7f1eace62f38dd36be8aecdef4d"},
    {file = "numpy-2.2.4-pp310-pypy310_pp73-win_amd64.whl", hash = "sha256:b4adfbbc64014976d2f91084915ca4e626fbf2057fb81af209c1a6d776d23e3d"},
    {file = "numpy-2.2.4.tar.gz", hash = "sha256:9ba03692a45d3eef66559efe1d1096c4b9b75c0986b5dff5530c378fb8331d4f"},
]

[metadata]
lock-version = "2.1"
python-versions = ">=3.11"
content-hash = "529b68b66e7e3b12362d0532547faf241a8038b71d5f49e59776c164d764c3f9"
